{
  "name": "www",
  "version": "1.0.0",
  "lockfileVersion": 2,
  "requires": true,
  "packages": {
    "": {
      "name": "www",
      "version": "1.0.0",
      "license": "MIT",
      "dependencies": {
        "cm6-theme-basic-dark": "^0.2.0",
        "cm6-theme-basic-light": "^0.2.0",
        "cm6-theme-gruvbox-dark": "^0.2.0",
        "cm6-theme-gruvbox-light": "^0.2.0",
        "cm6-theme-material-dark": "^0.2.0",
        "cm6-theme-nord": "^0.2.0",
        "cm6-theme-solarized-dark": "^0.2.0",
        "cm6-theme-solarized-light": "^0.2.0",
        "codemirror": "^6.0.1",
        "codemirror-lang-qatam": "^0.1.4"
      },
      "devDependencies": {
        "@rollup/plugin-node-resolve": "^13.3.0",
        "rollup": "^2.75.6"
      }
    },
    "node_modules/@codemirror/autocomplete": {
      "version": "6.0.4",
      "resolved": "https://registry.npmjs.org/@codemirror/autocomplete/-/autocomplete-6.0.4.tgz",
      "integrity": "sha512-uP7UodCRykPNwSAN+wYa/AS9gJI/V47echCAXUYgCgBXy3l19nwO7W/d29COtG/dfAsjBOhMDeh3Ms8Y5VZbrA==",
      "dependencies": {
        "@codemirror/language": "^6.0.0",
        "@codemirror/state": "^6.0.0",
        "@codemirror/view": "^6.0.0",
        "@lezer/common": "^1.0.0"
      },
      "peerDependencies": {
        "@codemirror/language": "^6.0.0",
        "@codemirror/state": "^6.0.0",
        "@codemirror/view": "^6.0.0",
        "@lezer/common": "^1.0.0"
      }
    },
    "node_modules/@codemirror/commands": {
      "version": "6.0.1",
      "resolved": "https://registry.npmjs.org/@codemirror/commands/-/commands-6.0.1.tgz",
      "integrity": "sha512-iNHDByicYqQjs0Wo1MKGfqNbMYMyhS9WV6EwMVwsHXImlFemgEUC+c5X22bXKBStN3qnwg4fArNZM+gkv22baQ==",
      "dependencies": {
        "@codemirror/language": "^6.0.0",
        "@codemirror/state": "^6.0.0",
        "@codemirror/view": "^6.0.0",
        "@lezer/common": "^1.0.0"
      }
    },
    "node_modules/@codemirror/language": {
      "version": "6.2.0",
      "resolved": "https://registry.npmjs.org/@codemirror/language/-/language-6.2.0.tgz",
      "integrity": "sha512-tabB0Ef/BflwoEmTB4a//WZ9P90UQyne9qWB9YFsmeS4bnEqSys7UpGk/da1URMXhyfuzWCwp+AQNMhvu8SfnA==",
      "dependencies": {
        "@codemirror/state": "^6.0.0",
        "@codemirror/view": "^6.0.0",
        "@lezer/common": "^1.0.0",
        "@lezer/highlight": "^1.0.0",
        "@lezer/lr": "^1.0.0",
        "style-mod": "^4.0.0"
      }
    },
    "node_modules/@codemirror/lint": {
      "version": "6.0.0",
      "resolved": "https://registry.npmjs.org/@codemirror/lint/-/lint-6.0.0.tgz",
      "integrity": "sha512-nUUXcJW1Xp54kNs+a1ToPLK8MadO0rMTnJB8Zk4Z8gBdrN0kqV7uvUraU/T2yqg+grDNR38Vmy/MrhQN/RgwiA==",
      "dependencies": {
        "@codemirror/state": "^6.0.0",
        "@codemirror/view": "^6.0.0",
        "crelt": "^1.0.5"
      }
    },
    "node_modules/@codemirror/search": {
      "version": "6.0.0",
      "resolved": "https://registry.npmjs.org/@codemirror/search/-/search-6.0.0.tgz",
      "integrity": "sha512-rL0rd3AhI0TAsaJPUaEwC63KHLO7KL0Z/dYozXj6E7L3wNHRyx7RfE0/j5HsIf912EE5n2PCb4Vg0rGYmDv4UQ==",
      "dependencies": {
        "@codemirror/state": "^6.0.0",
        "@codemirror/view": "^6.0.0",
        "crelt": "^1.0.5"
      }
    },
    "node_modules/@codemirror/state": {
      "version": "6.1.0",
      "resolved": "https://registry.npmjs.org/@codemirror/state/-/state-6.1.0.tgz",
      "integrity": "sha512-qbUr94DZTe6/V1VS7LDLz11rM/1t/nJxR1El4I6UaxDEdc0aZZvq6JCLJWiRmUf95NRAnDH6fhXn+PWp9wGCIg=="
    },
    "node_modules/@codemirror/view": {
      "version": "6.0.2",
      "resolved": "https://registry.npmjs.org/@codemirror/view/-/view-6.0.2.tgz",
      "integrity": "sha512-mnVT/q1JvKPjpmjXJNeCi/xHyaJ3abGJsumIVpdQ1nE1MXAyHf7GHWt8QpWMUvDiqF0j+inkhVR2OviTdFFX7Q==",
      "dependencies": {
        "@codemirror/state": "^6.0.0",
        "style-mod": "^4.0.0",
        "w3c-keyname": "^2.2.4"
      }
    },
    "node_modules/@lezer/common": {
      "version": "1.0.0",
      "resolved": "https://registry.npmjs.org/@lezer/common/-/common-1.0.0.tgz",
      "integrity": "sha512-ohydQe+Hb+w4oMDvXzs8uuJd2NoA3D8YDcLiuDsLqH+yflDTPEpgCsWI3/6rH5C3BAedtH1/R51dxENldQceEA=="
    },
    "node_modules/@lezer/highlight": {
      "version": "1.0.0",
      "resolved": "https://registry.npmjs.org/@lezer/highlight/-/highlight-1.0.0.tgz",
      "integrity": "sha512-nsCnNtim90UKsB5YxoX65v3GEIw3iCHw9RM2DtdgkiqAbKh9pCdvi8AWNwkYf10Lu6fxNhXPpkpHbW6mihhvJA==",
      "dependencies": {
        "@lezer/common": "^1.0.0"
      }
    },
    "node_modules/@lezer/lr": {
      "version": "1.2.0",
      "resolved": "https://registry.npmjs.org/@lezer/lr/-/lr-1.2.0.tgz",
      "integrity": "sha512-TgEpfm9br2SX8JwtwKT8HsQZKuFkLRg6g+IRxObk9nVKQLKnkP3oMh+QGcTBL9GQsfQ2ADtKPbj2iGSMf3ytiA==",
      "dependencies": {
        "@lezer/common": "^1.0.0"
      }
    },
    "node_modules/@rollup/plugin-node-resolve": {
      "version": "13.3.0",
      "resolved": "https://registry.npmjs.org/@rollup/plugin-node-resolve/-/plugin-node-resolve-13.3.0.tgz",
      "integrity": "sha512-Lus8rbUo1eEcnS4yTFKLZrVumLPY+YayBdWXgFSHYhTT2iJbMhoaaBL3xl5NCdeRytErGr8tZ0L71BMRmnlwSw==",
      "dev": true,
      "dependencies": {
        "@rollup/pluginutils": "^3.1.0",
        "@types/resolve": "1.17.1",
        "deepmerge": "^4.2.2",
        "is-builtin-module": "^3.1.0",
        "is-module": "^1.0.0",
        "resolve": "^1.19.0"
      },
      "engines": {
        "node": ">= 10.0.0"
      },
      "peerDependencies": {
        "rollup": "^2.42.0"
      }
    },
    "node_modules/@rollup/pluginutils": {
      "version": "3.1.0",
      "resolved": "https://registry.npmjs.org/@rollup/pluginutils/-/pluginutils-3.1.0.tgz",
      "integrity": "sha512-GksZ6pr6TpIjHm8h9lSQ8pi8BE9VeubNT0OMJ3B5uZJ8pz73NPiqOtCog/x2/QzM1ENChPKxMDhiQuRHsqc+lg==",
      "dev": true,
      "dependencies": {
        "@types/estree": "0.0.39",
        "estree-walker": "^1.0.1",
        "picomatch": "^2.2.2"
      },
      "engines": {
        "node": ">= 8.0.0"
      },
      "peerDependencies": {
        "rollup": "^1.20.0||^2.0.0"
      }
    },
    "node_modules/@types/estree": {
      "version": "0.0.39",
      "resolved": "https://registry.npmjs.org/@types/estree/-/estree-0.0.39.tgz",
      "integrity": "sha512-EYNwp3bU+98cpU4lAWYYL7Zz+2gryWH1qbdDTidVd6hkiR6weksdbMadyXKXNPEkQFhXM+hVO9ZygomHXp+AIw==",
      "dev": true
    },
    "node_modules/@types/node": {
      "version": "18.0.0",
      "resolved": "https://registry.npmjs.org/@types/node/-/node-18.0.0.tgz",
      "integrity": "sha512-cHlGmko4gWLVI27cGJntjs/Sj8th9aYwplmZFwmmgYQQvL5NUsgVJG7OddLvNfLqYS31KFN0s3qlaD9qCaxACA==",
      "dev": true
    },
    "node_modules/@types/resolve": {
      "version": "1.17.1",
      "resolved": "https://registry.npmjs.org/@types/resolve/-/resolve-1.17.1.tgz",
      "integrity": "sha512-yy7HuzQhj0dhGpD8RLXSZWEkLsV9ibvxvi6EiJ3bkqLAO1RGo0WbkWQiwpRlSFymTJRz0d3k5LM3kkx8ArDbLw==",
      "dev": true,
      "dependencies": {
        "@types/node": "*"
      }
    },
    "node_modules/builtin-modules": {
      "version": "3.3.0",
      "resolved": "https://registry.npmjs.org/builtin-modules/-/builtin-modules-3.3.0.tgz",
      "integrity": "sha512-zhaCDicdLuWN5UbN5IMnFqNMhNfo919sH85y2/ea+5Yg9TsTkeZxpL+JLbp6cgYFS4sRLp3YV4S6yDuqVWHYOw==",
      "dev": true,
      "engines": {
        "node": ">=6"
      },
      "funding": {
        "url": "https://github.com/sponsors/sindresorhus"
      }
    },
    "node_modules/cm6-theme-basic-dark": {
      "version": "0.2.0",
      "resolved": "https://registry.npmjs.org/cm6-theme-basic-dark/-/cm6-theme-basic-dark-0.2.0.tgz",
      "integrity": "sha512-+mNNJecRtxS/KkloMDCQF0oTrT6aFGRZTjnBcdT5UG1pcDO4Brq8l1+0KR/8dZ7hub2gOGOzoi3rGFD8GzlH7Q==",
      "peerDependencies": {
        "@codemirror/language": "^6.0.0",
        "@codemirror/state": "^6.0.0",
        "@codemirror/view": "^6.0.0",
        "@lezer/highlight": "^1.0.0"
      }
    },
    "node_modules/cm6-theme-basic-light": {
      "version": "0.2.0",
      "resolved": "https://registry.npmjs.org/cm6-theme-basic-light/-/cm6-theme-basic-light-0.2.0.tgz",
      "integrity": "sha512-1prg2gv44sYfpHscP26uLT/ePrh0mlmVwMSoSd3zYKQ92Ab3jPRLzyCnpyOCQLJbK+YdNs4HvMRqMNYdy4pMhA==",
      "peerDependencies": {
        "@codemirror/language": "^6.0.0",
        "@codemirror/state": "^6.0.0",
        "@codemirror/view": "^6.0.0",
        "@lezer/highlight": "^1.0.0"
      }
    },
    "node_modules/cm6-theme-gruvbox-dark": {
      "version": "0.2.0",
      "resolved": "https://registry.npmjs.org/cm6-theme-gruvbox-dark/-/cm6-theme-gruvbox-dark-0.2.0.tgz",
      "integrity": "sha512-xyqsG19qV+nb7ZHTMocSNWwZHMExfQxDm0FlbNMqEGKeQR96WryssXJH/IZZQudwrPpWU2dCoyOgMFhti2UTYA==",
      "peerDependencies": {
        "@codemirror/language": "^6.0.0",
        "@codemirror/state": "^6.0.0",
        "@codemirror/view": "^6.0.0",
        "@lezer/highlight": "^1.0.0"
      }
    },
    "node_modules/cm6-theme-gruvbox-light": {
      "version": "0.2.0",
      "resolved": "https://registry.npmjs.org/cm6-theme-gruvbox-light/-/cm6-theme-gruvbox-light-0.2.0.tgz",
      "integrity": "sha512-sc4dEMLU5y4F3QGLjwMQs1H3Q0a0ooXA1EvyWnknxLEGQVXwJrxkkV67gs1TqWASl2i63iomt4zyz5pkbfO1yg==",
      "peerDependencies": {
        "@codemirror/language": "^6.0.0",
        "@codemirror/state": "^6.0.0",
        "@codemirror/view": "^6.0.0",
        "@lezer/highlight": "^1.0.0"
      }
    },
    "node_modules/cm6-theme-material-dark": {
      "version": "0.2.0",
      "resolved": "https://registry.npmjs.org/cm6-theme-material-dark/-/cm6-theme-material-dark-0.2.0.tgz",
      "integrity": "sha512-H09JZihzg4w0mTtOqo5bQdxItkQWw+ergKlk7BSfwYjaR2nOi+wIN0R+ByAo7bON8GbFODvjTxH3EIqdhovFeA==",
      "peerDependencies": {
        "@codemirror/language": "^6.0.0",
        "@codemirror/state": "^6.0.0",
        "@codemirror/view": "^6.0.0",
        "@lezer/highlight": "^1.0.0"
      }
    },
    "node_modules/cm6-theme-nord": {
      "version": "0.2.0",
      "resolved": "https://registry.npmjs.org/cm6-theme-nord/-/cm6-theme-nord-0.2.0.tgz",
      "integrity": "sha512-jTh+5nvl+N/5CtTK7UVcrxDCj2AOStvbNM8uP6tx6amq4QaaLDlapjMw+MNzEkvxcPnHY+YM91tbklS2KNlR2w==",
      "peerDependencies": {
        "@codemirror/language": "^6.0.0",
        "@codemirror/state": "^6.0.0",
        "@codemirror/view": "^6.0.0",
        "@lezer/highlight": "^1.0.0"
      }
    },
    "node_modules/cm6-theme-solarized-dark": {
      "version": "0.2.0",
      "resolved": "https://registry.npmjs.org/cm6-theme-solarized-dark/-/cm6-theme-solarized-dark-0.2.0.tgz",
      "integrity": "sha512-FWtYHcX8NLzNSs21yGbkLF+q/5m2u80ug0JytKoI9nMZWPP5dcnsFYp1iZBEegLehiZnpv1qcmTsLTUG2KD39w==",
      "peerDependencies": {
        "@codemirror/language": "^6.0.0",
        "@codemirror/state": "^6.0.0",
        "@codemirror/view": "^6.0.0",
        "@lezer/highlight": "^1.0.0"
      }
    },
    "node_modules/cm6-theme-solarized-light": {
      "version": "0.2.0",
      "resolved": "https://registry.npmjs.org/cm6-theme-solarized-light/-/cm6-theme-solarized-light-0.2.0.tgz",
      "integrity": "sha512-Iw7Xv+9A6NlT7sRGlM2pOwD3ZBETkAqpb7c6O0LPj5kjwcK6C3k+mvjzaQt1gzfBErMmhL1HHuK07zICeXkE+w==",
      "peerDependencies": {
        "@codemirror/language": "^6.0.0",
        "@codemirror/state": "^6.0.0",
        "@codemirror/view": "^6.0.0",
        "@lezer/highlight": "^1.0.0"
      }
    },
    "node_modules/codemirror": {
      "version": "6.0.1",
      "resolved": "https://registry.npmjs.org/codemirror/-/codemirror-6.0.1.tgz",
      "integrity": "sha512-J8j+nZ+CdWmIeFIGXEFbFPtpiYacFMDR8GlHK3IyHQJMCaVRfGx9NT+Hxivv1ckLWPvNdZqndbr/7lVhrf/Svg==",
      "dependencies": {
        "@codemirror/autocomplete": "^6.0.0",
        "@codemirror/commands": "^6.0.0",
        "@codemirror/language": "^6.0.0",
        "@codemirror/lint": "^6.0.0",
        "@codemirror/search": "^6.0.0",
        "@codemirror/state": "^6.0.0",
        "@codemirror/view": "^6.0.0"
      }
    },
    "node_modules/codemirror-lang-qatam": {
      "version": "0.1.4",
      "resolved": "https://registry.npmjs.org/codemirror-lang-qatam/-/codemirror-lang-qatam-0.1.4.tgz",
      "integrity": "sha512-I8tXeT3hPC4+09VhDIwQMvPZjkQw/wP+vXfJa6qhaLOtK+vsRfIKZPE61yiRGCxvEpAiO58kRmJLu+oz2/e00g==",
      "dependencies": {
        "@codemirror/language": "^6.0.0",
        "lezer-qatam": "^0.1.5"
      }
    },
    "node_modules/crelt": {
      "version": "1.0.5",
      "resolved": "https://registry.npmjs.org/crelt/-/crelt-1.0.5.tgz",
      "integrity": "sha512-+BO9wPPi+DWTDcNYhr/W90myha8ptzftZT+LwcmUbbok0rcP/fequmFYCw8NMoH7pkAZQzU78b3kYrlua5a9eA=="
    },
    "node_modules/deepmerge": {
      "version": "4.2.2",
      "resolved": "https://registry.npmjs.org/deepmerge/-/deepmerge-4.2.2.tgz",
      "integrity": "sha512-FJ3UgI4gIl+PHZm53knsuSFpE+nESMr7M4v9QcgB7S63Kj/6WqMiFQJpBBYz1Pt+66bZpP3Q7Lye0Oo9MPKEdg==",
      "dev": true,
      "engines": {
        "node": ">=0.10.0"
      }
    },
    "node_modules/estree-walker": {
      "version": "1.0.1",
      "resolved": "https://registry.npmjs.org/estree-walker/-/estree-walker-1.0.1.tgz",
      "integrity": "sha512-1fMXF3YP4pZZVozF8j/ZLfvnR8NSIljt56UhbZ5PeeDmmGHpgpdwQt7ITlGvYaQukCvuBRMLEiKiYC+oeIg4cg==",
      "dev": true
    },
    "node_modules/fsevents": {
      "version": "2.3.2",
      "resolved": "https://registry.npmjs.org/fsevents/-/fsevents-2.3.2.tgz",
      "integrity": "sha512-xiqMQR4xAeHTuB9uWm+fFRcIOgKBMiOBP+eXiyT7jsgVCq1bkVygt00oASowB7EdtpOHaaPgKt812P9ab+DDKA==",
      "dev": true,
      "hasInstallScript": true,
      "optional": true,
      "os": [
        "darwin"
      ],
      "engines": {
        "node": "^8.16.0 || ^10.6.0 || >=11.0.0"
      }
    },
    "node_modules/function-bind": {
      "version": "1.1.1",
      "resolved": "https://registry.npmjs.org/function-bind/-/function-bind-1.1.1.tgz",
      "integrity": "sha512-yIovAzMX49sF8Yl58fSCWJ5svSLuaibPxXQJFLmBObTuCr0Mf1KiPopGM9NiFjiYBCbfaa2Fh6breQ6ANVTI0A==",
      "dev": true
    },
    "node_modules/has": {
      "version": "1.0.3",
      "resolved": "https://registry.npmjs.org/has/-/has-1.0.3.tgz",
      "integrity": "sha512-f2dvO0VU6Oej7RkWJGrehjbzMAjFp5/VKPp5tTpWIV4JHHZK1/BxbFRtf/siA2SWTe09caDmVtYYzWEIbBS4zw==",
      "dev": true,
      "dependencies": {
        "function-bind": "^1.1.1"
      },
      "engines": {
        "node": ">= 0.4.0"
      }
    },
    "node_modules/is-builtin-module": {
      "version": "3.1.0",
      "resolved": "https://registry.npmjs.org/is-builtin-module/-/is-builtin-module-3.1.0.tgz",
      "integrity": "sha512-OV7JjAgOTfAFJmHZLvpSTb4qi0nIILDV1gWPYDnDJUTNFM5aGlRAhk4QcT8i7TuAleeEV5Fdkqn3t4mS+Q11fg==",
      "dev": true,
      "dependencies": {
        "builtin-modules": "^3.0.0"
      },
      "engines": {
        "node": ">=6"
      }
    },
    "node_modules/is-core-module": {
      "version": "2.9.0",
      "resolved": "https://registry.npmjs.org/is-core-module/-/is-core-module-2.9.0.tgz",
      "integrity": "sha512-+5FPy5PnwmO3lvfMb0AsoPaBG+5KHUI0wYFXOtYPnVVVspTFUuMZNfNaNVRt3FZadstu2c8x23vykRW/NBoU6A==",
      "dev": true,
      "dependencies": {
        "has": "^1.0.3"
      },
      "funding": {
        "url": "https://github.com/sponsors/ljharb"
      }
    },
    "node_modules/is-module": {
      "version": "1.0.0",
      "resolved": "https://registry.npmjs.org/is-module/-/is-module-1.0.0.tgz",
      "integrity": "sha512-51ypPSPCoTEIN9dy5Oy+h4pShgJmPCygKfyRCISBI+JoWT/2oJvK8QPxmwv7b/p239jXrm9M1mlQbyKJ5A152g==",
      "dev": true
    },
    "node_modules/lezer-qatam": {
      "version": "0.1.5",
      "resolved": "https://registry.npmjs.org/lezer-qatam/-/lezer-qatam-0.1.5.tgz",
      "integrity": "sha512-3ZTakj7KKug1+aAKAomMq/iryBJdvXgDU1Zk9lkktDdp/oco2bfczLyXuzWjRHLNG4LzMglROL+rw1b5KfXxpw==",
      "dependencies": {
        "@lezer/highlight": "^1.0.0",
        "@lezer/lr": "^1.0.0"
      }
    },
    "node_modules/path-parse": {
      "version": "1.0.7",
      "resolved": "https://registry.npmjs.org/path-parse/-/path-parse-1.0.7.tgz",
      "integrity": "sha512-LDJzPVEEEPR+y48z93A0Ed0yXb8pAByGWo/k5YYdYgpY2/2EsOsksJrq7lOHxryrVOn1ejG6oAp8ahvOIQD8sw==",
      "dev": true
    },
    "node_modules/picomatch": {
      "version": "2.3.1",
      "resolved": "https://registry.npmjs.org/picomatch/-/picomatch-2.3.1.tgz",
      "integrity": "sha512-JU3teHTNjmE2VCGFzuY8EXzCDVwEqB2a8fsIvwaStHhAWJEeVd1o1QD80CU6+ZdEXXSLbSsuLwJjkCBWqRQUVA==",
      "dev": true,
      "engines": {
        "node": ">=8.6"
      },
      "funding": {
        "url": "https://github.com/sponsors/jonschlinkert"
      }
    },
    "node_modules/resolve": {
      "version": "1.22.1",
      "resolved": "https://registry.npmjs.org/resolve/-/resolve-1.22.1.tgz",
      "integrity": "sha512-nBpuuYuY5jFsli/JIs1oldw6fOQCBioohqWZg/2hiaOybXOft4lonv85uDOKXdf8rhyK159cxU5cDcK/NKk8zw==",
      "dev": true,
      "dependencies": {
        "is-core-module": "^2.9.0",
        "path-parse": "^1.0.7",
        "supports-preserve-symlinks-flag": "^1.0.0"
      },
      "bin": {
        "resolve": "bin/resolve"
      },
      "funding": {
        "url": "https://github.com/sponsors/ljharb"
      }
    },
    "node_modules/rollup": {
      "version": "2.75.7",
      "resolved": "https://registry.npmjs.org/rollup/-/rollup-2.75.7.tgz",
      "integrity": "sha512-VSE1iy0eaAYNCxEXaleThdFXqZJ42qDBatAwrfnPlENEZ8erQ+0LYX4JXOLPceWfZpV1VtZwZ3dFCuOZiSyFtQ==",
      "dev": true,
      "bin": {
        "rollup": "dist/bin/rollup"
      },
      "engines": {
        "node": ">=10.0.0"
      },
      "optionalDependencies": {
        "fsevents": "~2.3.2"
      }
    },
    "node_modules/style-mod": {
      "version": "4.0.0",
      "resolved": "https://registry.npmjs.org/style-mod/-/style-mod-4.0.0.tgz",
      "integrity": "sha512-OPhtyEjyyN9x3nhPsu76f52yUGXiZcgvsrFVtvTkyGRQJ0XK+GPc6ov1z+lRpbeabka+MYEQxOYRnt5nF30aMw=="
    },
    "node_modules/supports-preserve-symlinks-flag": {
      "version": "1.0.0",
      "resolved": "https://registry.npmjs.org/supports-preserve-symlinks-flag/-/supports-preserve-symlinks-flag-1.0.0.tgz",
      "integrity": "sha512-ot0WnXS9fgdkgIcePe6RHNk1WA8+muPa6cSjeR3V8K27q9BB1rTE3R1p7Hv0z1ZyAc8s6Vvv8DIyWf681MAt0w==",
      "dev": true,
      "engines": {
        "node": ">= 0.4"
      },
      "funding": {
        "url": "https://github.com/sponsors/ljharb"
      }
    },
    "node_modules/w3c-keyname": {
      "version": "2.2.4",
      "resolved": "https://registry.npmjs.org/w3c-keyname/-/w3c-keyname-2.2.4.tgz",
      "integrity": "sha512-tOhfEwEzFLJzf6d1ZPkYfGj+FWhIpBux9ppoP3rlclw3Z0BZv3N7b7030Z1kYth+6rDuAsXUFr+d0VE6Ed1ikw=="
    }
  },
  "dependencies": {
    "@codemirror/autocomplete": {
      "version": "6.0.4",
      "resolved": "https://registry.npmjs.org/@codemirror/autocomplete/-/autocomplete-6.0.4.tgz",
      "integrity": "sha512-uP7UodCRykPNwSAN+wYa/AS9gJI/V47echCAXUYgCgBXy3l19nwO7W/d29COtG/dfAsjBOhMDeh3Ms8Y5VZbrA==",
      "requires": {
        "@codemirror/language": "^6.0.0",
        "@codemirror/state": "^6.0.0",
        "@codemirror/view": "^6.0.0",
        "@lezer/common": "^1.0.0"
      }
    },
    "@codemirror/commands": {
      "version": "6.0.1",
      "resolved": "https://registry.npmjs.org/@codemirror/commands/-/commands-6.0.1.tgz",
      "integrity": "sha512-iNHDByicYqQjs0Wo1MKGfqNbMYMyhS9WV6EwMVwsHXImlFemgEUC+c5X22bXKBStN3qnwg4fArNZM+gkv22baQ==",
      "requires": {
        "@codemirror/language": "^6.0.0",
        "@codemirror/state": "^6.0.0",
        "@codemirror/view": "^6.0.0",
        "@lezer/common": "^1.0.0"
      }
    },
    "@codemirror/language": {
      "version": "6.2.0",
      "resolved": "https://registry.npmjs.org/@codemirror/language/-/language-6.2.0.tgz",
      "integrity": "sha512-tabB0Ef/BflwoEmTB4a//WZ9P90UQyne9qWB9YFsmeS4bnEqSys7UpGk/da1URMXhyfuzWCwp+AQNMhvu8SfnA==",
      "requires": {
        "@codemirror/state": "^6.0.0",
        "@codemirror/view": "^6.0.0",
        "@lezer/common": "^1.0.0",
        "@lezer/highlight": "^1.0.0",
        "@lezer/lr": "^1.0.0",
        "style-mod": "^4.0.0"
      }
    },
    "@codemirror/lint": {
      "version": "6.0.0",
      "resolved": "https://registry.npmjs.org/@codemirror/lint/-/lint-6.0.0.tgz",
      "integrity": "sha512-nUUXcJW1Xp54kNs+a1ToPLK8MadO0rMTnJB8Zk4Z8gBdrN0kqV7uvUraU/T2yqg+grDNR38Vmy/MrhQN/RgwiA==",
      "requires": {
        "@codemirror/state": "^6.0.0",
        "@codemirror/view": "^6.0.0",
        "crelt": "^1.0.5"
      }
    },
    "@codemirror/search": {
      "version": "6.0.0",
      "resolved": "https://registry.npmjs.org/@codemirror/search/-/search-6.0.0.tgz",
      "integrity": "sha512-rL0rd3AhI0TAsaJPUaEwC63KHLO7KL0Z/dYozXj6E7L3wNHRyx7RfE0/j5HsIf912EE5n2PCb4Vg0rGYmDv4UQ==",
      "requires": {
        "@codemirror/state": "^6.0.0",
        "@codemirror/view": "^6.0.0",
        "crelt": "^1.0.5"
      }
    },
    "@codemirror/state": {
      "version": "6.1.0",
      "resolved": "https://registry.npmjs.org/@codemirror/state/-/state-6.1.0.tgz",
      "integrity": "sha512-qbUr94DZTe6/V1VS7LDLz11rM/1t/nJxR1El4I6UaxDEdc0aZZvq6JCLJWiRmUf95NRAnDH6fhXn+PWp9wGCIg=="
    },
    "@codemirror/view": {
      "version": "6.0.2",
      "resolved": "https://registry.npmjs.org/@codemirror/view/-/view-6.0.2.tgz",
      "integrity": "sha512-mnVT/q1JvKPjpmjXJNeCi/xHyaJ3abGJsumIVpdQ1nE1MXAyHf7GHWt8QpWMUvDiqF0j+inkhVR2OviTdFFX7Q==",
      "requires": {
        "@codemirror/state": "^6.0.0",
        "style-mod": "^4.0.0",
        "w3c-keyname": "^2.2.4"
      }
    },
    "@lezer/common": {
      "version": "1.0.0",
      "resolved": "https://registry.npmjs.org/@lezer/common/-/common-1.0.0.tgz",
      "integrity": "sha512-ohydQe+Hb+w4oMDvXzs8uuJd2NoA3D8YDcLiuDsLqH+yflDTPEpgCsWI3/6rH5C3BAedtH1/R51dxENldQceEA=="
    },
    "@lezer/highlight": {
      "version": "1.0.0",
      "resolved": "https://registry.npmjs.org/@lezer/highlight/-/highlight-1.0.0.tgz",
      "integrity": "sha512-nsCnNtim90UKsB5YxoX65v3GEIw3iCHw9RM2DtdgkiqAbKh9pCdvi8AWNwkYf10Lu6fxNhXPpkpHbW6mihhvJA==",
      "requires": {
        "@lezer/common": "^1.0.0"
      }
    },
    "@lezer/lr": {
      "version": "1.2.0",
      "resolved": "https://registry.npmjs.org/@lezer/lr/-/lr-1.2.0.tgz",
      "integrity": "sha512-TgEpfm9br2SX8JwtwKT8HsQZKuFkLRg6g+IRxObk9nVKQLKnkP3oMh+QGcTBL9GQsfQ2ADtKPbj2iGSMf3ytiA==",
      "requires": {
        "@lezer/common": "^1.0.0"
      }
    },
    "@rollup/plugin-node-resolve": {
      "version": "13.3.0",
      "resolved": "https://registry.npmjs.org/@rollup/plugin-node-resolve/-/plugin-node-resolve-13.3.0.tgz",
      "integrity": "sha512-Lus8rbUo1eEcnS4yTFKLZrVumLPY+YayBdWXgFSHYhTT2iJbMhoaaBL3xl5NCdeRytErGr8tZ0L71BMRmnlwSw==",
      "dev": true,
      "requires": {
        "@rollup/pluginutils": "^3.1.0",
        "@types/resolve": "1.17.1",
        "deepmerge": "^4.2.2",
        "is-builtin-module": "^3.1.0",
        "is-module": "^1.0.0",
        "resolve": "^1.19.0"
      }
    },
    "@rollup/pluginutils": {
      "version": "3.1.0",
      "resolved": "https://registry.npmjs.org/@rollup/pluginutils/-/pluginutils-3.1.0.tgz",
      "integrity": "sha512-GksZ6pr6TpIjHm8h9lSQ8pi8BE9VeubNT0OMJ3B5uZJ8pz73NPiqOtCog/x2/QzM1ENChPKxMDhiQuRHsqc+lg==",
      "dev": true,
      "requires": {
        "@types/estree": "0.0.39",
        "estree-walker": "^1.0.1",
        "picomatch": "^2.2.2"
      }
    },
    "@types/estree": {
      "version": "0.0.39",
      "resolved": "https://registry.npmjs.org/@types/estree/-/estree-0.0.39.tgz",
      "integrity": "sha512-EYNwp3bU+98cpU4lAWYYL7Zz+2gryWH1qbdDTidVd6hkiR6weksdbMadyXKXNPEkQFhXM+hVO9ZygomHXp+AIw==",
      "dev": true
    },
    "@types/node": {
      "version": "18.0.0",
      "resolved": "https://registry.npmjs.org/@types/node/-/node-18.0.0.tgz",
      "integrity": "sha512-cHlGmko4gWLVI27cGJntjs/Sj8th9aYwplmZFwmmgYQQvL5NUsgVJG7OddLvNfLqYS31KFN0s3qlaD9qCaxACA==",
      "dev": true
    },
    "@types/resolve": {
      "version": "1.17.1",
      "resolved": "https://registry.npmjs.org/@types/resolve/-/resolve-1.17.1.tgz",
      "integrity": "sha512-yy7HuzQhj0dhGpD8RLXSZWEkLsV9ibvxvi6EiJ3bkqLAO1RGo0WbkWQiwpRlSFymTJRz0d3k5LM3kkx8ArDbLw==",
      "dev": true,
      "requires": {
        "@types/node": "*"
      }
    },
    "builtin-modules": {
      "version": "3.3.0",
      "resolved": "https://registry.npmjs.org/builtin-modules/-/builtin-modules-3.3.0.tgz",
      "integrity": "sha512-zhaCDicdLuWN5UbN5IMnFqNMhNfo919sH85y2/ea+5Yg9TsTkeZxpL+JLbp6cgYFS4sRLp3YV4S6yDuqVWHYOw==",
      "dev": true
    },
    "cm6-theme-basic-dark": {
      "version": "0.2.0",
      "resolved": "https://registry.npmjs.org/cm6-theme-basic-dark/-/cm6-theme-basic-dark-0.2.0.tgz",
      "integrity": "sha512-+mNNJecRtxS/KkloMDCQF0oTrT6aFGRZTjnBcdT5UG1pcDO4Brq8l1+0KR/8dZ7hub2gOGOzoi3rGFD8GzlH7Q==",
      "requires": {}
    },
    "cm6-theme-basic-light": {
      "version": "0.2.0",
      "resolved": "https://registry.npmjs.org/cm6-theme-basic-light/-/cm6-theme-basic-light-0.2.0.tgz",
      "integrity": "sha512-1prg2gv44sYfpHscP26uLT/ePrh0mlmVwMSoSd3zYKQ92Ab3jPRLzyCnpyOCQLJbK+YdNs4HvMRqMNYdy4pMhA==",
      "requires": {}
    },
    "cm6-theme-gruvbox-dark": {
      "version": "0.2.0",
      "resolved": "https://registry.npmjs.org/cm6-theme-gruvbox-dark/-/cm6-theme-gruvbox-dark-0.2.0.tgz",
      "integrity": "sha512-xyqsG19qV+nb7ZHTMocSNWwZHMExfQxDm0FlbNMqEGKeQR96WryssXJH/IZZQudwrPpWU2dCoyOgMFhti2UTYA==",
      "requires": {}
    },
    "cm6-theme-gruvbox-light": {
      "version": "0.2.0",
      "resolved": "https://registry.npmjs.org/cm6-theme-gruvbox-light/-/cm6-theme-gruvbox-light-0.2.0.tgz",
      "integrity": "sha512-sc4dEMLU5y4F3QGLjwMQs1H3Q0a0ooXA1EvyWnknxLEGQVXwJrxkkV67gs1TqWASl2i63iomt4zyz5pkbfO1yg==",
      "requires": {}
    },
    "cm6-theme-material-dark": {
      "version": "0.2.0",
      "resolved": "https://registry.npmjs.org/cm6-theme-material-dark/-/cm6-theme-material-dark-0.2.0.tgz",
      "integrity": "sha512-H09JZihzg4w0mTtOqo5bQdxItkQWw+ergKlk7BSfwYjaR2nOi+wIN0R+ByAo7bON8GbFODvjTxH3EIqdhovFeA==",
      "requires": {}
    },
    "cm6-theme-nord": {
      "version": "0.2.0",
      "resolved": "https://registry.npmjs.org/cm6-theme-nord/-/cm6-theme-nord-0.2.0.tgz",
      "integrity": "sha512-jTh+5nvl+N/5CtTK7UVcrxDCj2AOStvbNM8uP6tx6amq4QaaLDlapjMw+MNzEkvxcPnHY+YM91tbklS2KNlR2w==",
      "requires": {}
    },
    "cm6-theme-solarized-dark": {
      "version": "0.2.0",
      "resolved": "https://registry.npmjs.org/cm6-theme-solarized-dark/-/cm6-theme-solarized-dark-0.2.0.tgz",
      "integrity": "sha512-FWtYHcX8NLzNSs21yGbkLF+q/5m2u80ug0JytKoI9nMZWPP5dcnsFYp1iZBEegLehiZnpv1qcmTsLTUG2KD39w==",
      "requires": {}
    },
    "cm6-theme-solarized-light": {
      "version": "0.2.0",
      "resolved": "https://registry.npmjs.org/cm6-theme-solarized-light/-/cm6-theme-solarized-light-0.2.0.tgz",
      "integrity": "sha512-Iw7Xv+9A6NlT7sRGlM2pOwD3ZBETkAqpb7c6O0LPj5kjwcK6C3k+mvjzaQt1gzfBErMmhL1HHuK07zICeXkE+w==",
      "requires": {}
    },
    "codemirror": {
      "version": "6.0.1",
      "resolved": "https://registry.npmjs.org/codemirror/-/codemirror-6.0.1.tgz",
      "integrity": "sha512-J8j+nZ+CdWmIeFIGXEFbFPtpiYacFMDR8GlHK3IyHQJMCaVRfGx9NT+Hxivv1ckLWPvNdZqndbr/7lVhrf/Svg==",
      "requires": {
        "@codemirror/autocomplete": "^6.0.0",
        "@codemirror/commands": "^6.0.0",
        "@codemirror/language": "^6.0.0",
        "@codemirror/lint": "^6.0.0",
        "@codemirror/search": "^6.0.0",
        "@codemirror/state": "^6.0.0",
        "@codemirror/view": "^6.0.0"
      }
    },
    "codemirror-lang-qatam": {
      "version": "0.1.4",
      "resolved": "https://registry.npmjs.org/codemirror-lang-qatam/-/codemirror-lang-qatam-0.1.4.tgz",
      "integrity": "sha512-I8tXeT3hPC4+09VhDIwQMvPZjkQw/wP+vXfJa6qhaLOtK+vsRfIKZPE61yiRGCxvEpAiO58kRmJLu+oz2/e00g==",
      "requires": {
        "@codemirror/language": "^6.0.0",
        "lezer-qatam": "^0.1.5"
      }
    },
    "crelt": {
      "version": "1.0.5",
      "resolved": "https://registry.npmjs.org/crelt/-/crelt-1.0.5.tgz",
      "integrity": "sha512-+BO9wPPi+DWTDcNYhr/W90myha8ptzftZT+LwcmUbbok0rcP/fequmFYCw8NMoH7pkAZQzU78b3kYrlua5a9eA=="
    },
    "deepmerge": {
      "version": "4.2.2",
      "resolved": "https://registry.npmjs.org/deepmerge/-/deepmerge-4.2.2.tgz",
      "integrity": "sha512-FJ3UgI4gIl+PHZm53knsuSFpE+nESMr7M4v9QcgB7S63Kj/6WqMiFQJpBBYz1Pt+66bZpP3Q7Lye0Oo9MPKEdg==",
      "dev": true
    },
    "estree-walker": {
      "version": "1.0.1",
      "resolved": "https://registry.npmjs.org/estree-walker/-/estree-walker-1.0.1.tgz",
      "integrity": "sha512-1fMXF3YP4pZZVozF8j/ZLfvnR8NSIljt56UhbZ5PeeDmmGHpgpdwQt7ITlGvYaQukCvuBRMLEiKiYC+oeIg4cg==",
      "dev": true
    },
    "fsevents": {
      "version": "2.3.2",
      "resolved": "https://registry.npmjs.org/fsevents/-/fsevents-2.3.2.tgz",
      "integrity": "sha512-xiqMQR4xAeHTuB9uWm+fFRcIOgKBMiOBP+eXiyT7jsgVCq1bkVygt00oASowB7EdtpOHaaPgKt812P9ab+DDKA==",
      "dev": true,
      "optional": true
    },
    "function-bind": {
      "version": "1.1.1",
      "resolved": "https://registry.npmjs.org/function-bind/-/function-bind-1.1.1.tgz",
      "integrity": "sha512-yIovAzMX49sF8Yl58fSCWJ5svSLuaibPxXQJFLmBObTuCr0Mf1KiPopGM9NiFjiYBCbfaa2Fh6breQ6ANVTI0A==",
      "dev": true
    },
    "has": {
      "version": "1.0.3",
      "resolved": "https://registry.npmjs.org/has/-/has-1.0.3.tgz",
      "integrity": "sha512-f2dvO0VU6Oej7RkWJGrehjbzMAjFp5/VKPp5tTpWIV4JHHZK1/BxbFRtf/siA2SWTe09caDmVtYYzWEIbBS4zw==",
      "dev": true,
      "requires": {
        "function-bind": "^1.1.1"
      }
    },
    "is-builtin-module": {
      "version": "3.1.0",
      "resolved": "https://registry.npmjs.org/is-builtin-module/-/is-builtin-module-3.1.0.tgz",
      "integrity": "sha512-OV7JjAgOTfAFJmHZLvpSTb4qi0nIILDV1gWPYDnDJUTNFM5aGlRAhk4QcT8i7TuAleeEV5Fdkqn3t4mS+Q11fg==",
      "dev": true,
      "requires": {
        "builtin-modules": "^3.0.0"
      }
    },
    "is-core-module": {
      "version": "2.9.0",
      "resolved": "https://registry.npmjs.org/is-core-module/-/is-core-module-2.9.0.tgz",
      "integrity": "sha512-+5FPy5PnwmO3lvfMb0AsoPaBG+5KHUI0wYFXOtYPnVVVspTFUuMZNfNaNVRt3FZadstu2c8x23vykRW/NBoU6A==",
      "dev": true,
      "requires": {
        "has": "^1.0.3"
      }
    },
    "is-module": {
      "version": "1.0.0",
      "resolved": "https://registry.npmjs.org/is-module/-/is-module-1.0.0.tgz",
      "integrity": "sha512-51ypPSPCoTEIN9dy5Oy+h4pShgJmPCygKfyRCISBI+JoWT/2oJvK8QPxmwv7b/p239jXrm9M1mlQbyKJ5A152g==",
      "dev": true
    },
    "lezer-qatam": {
      "version": "0.1.5",
      "resolved": "https://registry.npmjs.org/lezer-qatam/-/lezer-qatam-0.1.5.tgz",
      "integrity": "sha512-3ZTakj7KKug1+aAKAomMq/iryBJdvXgDU1Zk9lkktDdp/oco2bfczLyXuzWjRHLNG4LzMglROL+rw1b5KfXxpw==",
      "requires": {
        "@lezer/highlight": "^1.0.0",
        "@lezer/lr": "^1.0.0"
      }
    },
    "path-parse": {
      "version": "1.0.7",
      "resolved": "https://registry.npmjs.org/path-parse/-/path-parse-1.0.7.tgz",
      "integrity": "sha512-LDJzPVEEEPR+y48z93A0Ed0yXb8pAByGWo/k5YYdYgpY2/2EsOsksJrq7lOHxryrVOn1ejG6oAp8ahvOIQD8sw==",
      "dev": true
    },
    "picomatch": {
      "version": "2.3.1",
      "resolved": "https://registry.npmjs.org/picomatch/-/picomatch-2.3.1.tgz",
      "integrity": "sha512-JU3teHTNjmE2VCGFzuY8EXzCDVwEqB2a8fsIvwaStHhAWJEeVd1o1QD80CU6+ZdEXXSLbSsuLwJjkCBWqRQUVA==",
      "dev": true
    },
    "resolve": {
      "version": "1.22.1",
      "resolved": "https://registry.npmjs.org/resolve/-/resolve-1.22.1.tgz",
      "integrity": "sha512-nBpuuYuY5jFsli/JIs1oldw6fOQCBioohqWZg/2hiaOybXOft4lonv85uDOKXdf8rhyK159cxU5cDcK/NKk8zw==",
      "dev": true,
      "requires": {
        "is-core-module": "^2.9.0",
        "path-parse": "^1.0.7",
        "supports-preserve-symlinks-flag": "^1.0.0"
      }
    },
    "rollup": {
      "version": "2.75.7",
      "resolved": "https://registry.npmjs.org/rollup/-/rollup-2.75.7.tgz",
      "integrity": "sha512-VSE1iy0eaAYNCxEXaleThdFXqZJ42qDBatAwrfnPlENEZ8erQ+0LYX4JXOLPceWfZpV1VtZwZ3dFCuOZiSyFtQ==",
      "dev": true,
      "requires": {
        "fsevents": "~2.3.2"
      }
    },
    "style-mod": {
      "version": "4.0.0",
      "resolved": "https://registry.npmjs.org/style-mod/-/style-mod-4.0.0.tgz",
      "integrity": "sha512-OPhtyEjyyN9x3nhPsu76f52yUGXiZcgvsrFVtvTkyGRQJ0XK+GPc6ov1z+lRpbeabka+MYEQxOYRnt5nF30aMw=="
    },
    "supports-preserve-symlinks-flag": {
      "version": "1.0.0",
      "resolved": "https://registry.npmjs.org/supports-preserve-symlinks-flag/-/supports-preserve-symlinks-flag-1.0.0.tgz",
      "integrity": "sha512-ot0WnXS9fgdkgIcePe6RHNk1WA8+muPa6cSjeR3V8K27q9BB1rTE3R1p7Hv0z1ZyAc8s6Vvv8DIyWf681MAt0w==",
      "dev": true
    },
    "w3c-keyname": {
      "version": "2.2.4",
      "resolved": "https://registry.npmjs.org/w3c-keyname/-/w3c-keyname-2.2.4.tgz",
      "integrity": "sha512-tOhfEwEzFLJzf6d1ZPkYfGj+FWhIpBux9ppoP3rlclw3Z0BZv3N7b7030Z1kYth+6rDuAsXUFr+d0VE6Ed1ikw=="
    }
  }
}
